
Microsoft Visual Studio Solution File, Format Version 11.00
# Visual Studio 2010
Project("{FAE04EC0-301F-11D3-BF4B-00C04F79EFBC}") = "DataSetExtension", "DataSetExtension\DataSetExtension.csproj", "{319D852D-23EB-4818-B320-DFB7808E6621}"
EndProject
Project("{FAE04EC0-301F-11D3-BF4B-00C04F79EFBC}") = "DataSetExtension.Tests", "DataSetExtension.Tests\DataSetExtension.Tests.csproj", "{5E112BB1-16DD-400D-8B79-3643C28826C5}"
EndProject
Project("{FAE04EC0-301F-11D3-BF4B-00C04F79EFBC}") = "DataSetExtension.TestConsole", "DataSetExtension.TestConsole\DataSetExtension.TestConsole.csproj", "{1D1FD57A-D735-4A40-A35A-A30657D51006}"
EndProject
Global
	GlobalSection(SolutionConfigurationPlatforms) = preSolution
		Debug|Any CPU = Debug|Any CPU
		Release|Any CPU = Release|Any CPU
	EndGlobalSection
	GlobalSection(ProjectConfigurationPlatforms) = postSolution
		{1D1FD57A-D735-4A40-A35A-A30657D51006}.Debug|Any CPU.ActiveCfg = Debug|Any CPU
		{1D1FD57A-D735-4A40-A35A-A30657D51006}.Debug|Any CPU.Build.0 = Debug|Any CPU
		{1D1FD57A-D735-4A40-A35A-A30657D51006}.Release|Any CPU.ActiveCfg = Release|Any CPU
		{1D1FD57A-D735-4A40-A35A-A30657D51006}.Release|Any CPU.Build.0 = Release|Any CPU
		{319D852D-23EB-4818-B320-DFB7808E6621}.Debug|Any CPU.ActiveCfg = Debug|Any CPU
		{319D852D-23EB-4818-B320-DFB7808E6621}.Debug|Any CPU.Build.0 = Debug|Any CPU
		{319D852D-23EB-4818-B320-DFB7808E6621}.Release|Any CPU.ActiveCfg = Release|Any CPU
		{319D852D-23EB-4818-B320-DFB7808E6621}.Release|Any CPU.Build.0 = Release|Any CPU
		{5E112BB1-16DD-400D-8B79-3643C28826C5}.Debug|Any CPU.ActiveCfg = Debug|Any CPU
		{5E112BB1-16DD-400D-8B79-3643C28826C5}.Debug|Any CPU.Build.0 = Debug|Any CPU
		{5E112BB1-16DD-400D-8B79-3643C28826C5}.Release|Any CPU.ActiveCfg = Release|Any CPU
		{5E112BB1-16DD-400D-8B79-3643C28826C5}.Release|Any CPU.Build.0 = Release|Any CPU
	EndGlobalSection
	GlobalSection(MonoDevelopProperties) = preSolution
		StartupItem = DataSetExtension.TestConsole\DataSetExtension.TestConsole.csproj
	EndGlobalSection
EndGlobal
